
Microsoft Visual Studio Solution File, Format Version 12.00
# Visual Studio Version 17
VisualStudioVersion = 17.0.31903.59
MinimumVisualStudioVersion = 10.0.40219.1
Project("{FAE04EC0-301F-11D3-BF4B-00C04F79EFBC}") = "AzureAdB2cEmulator", "src\AzureAdB2cEmulator\AzureAdB2cEmulator.csproj", "{B9C1F9A2-0E3A-4C8B-9D2E-1A2B3C4D5E6F}"
EndProject
Global
	GlobalSection(SolutionConfigurationPlatforms) = preSolution
		Debug|Any CPU = Debug|Any CPU
		Release|Any CPU = Release|Any CPU
	EndGlobalSection
	GlobalSection(ProjectConfigurationPlatforms) = postSolution
		{B9C1F9A2-0E3A-4C8B-9D2E-1A2B3C4D5E6F}.Debug|Any CPU.ActiveCfg = Debug|Any CPU
		{B9C1F9A2-0E3A-4C8B-9D2E-1A2B3C4D5E6F}.Debug|Any CPU.Build.0 = Debug|Any CPU
		{B9C1F9A2-0E3A-4C8B-9D2E-1A2B3C4D5E6F}.Release|Any CPU.ActiveCfg = Release|Any CPU
		{B9C1F9A2-0E3A-4C8B-9D2E-1A2B3C4D5E6F}.Release|Any CPU.Build.0 = Release|Any CPU
	EndGlobalSection
EndGlobal
